
Microsoft Visual Studio Solution File, Format Version 12.00
# Visual Studio Version 17
VisualStudioVersion = 17.1.32228.430
MinimumVisualStudioVersion = 10.0.40219.1
Project("{FAE04EC0-301F-11D3-BF4B-00C04F79EFBC}") = "WpfApp1", "WpfApp1\WpfApp1.csproj", "{3EE38D53-F6D7-4BEF-AB87-88999F44A2DB}"
EndProject
Global
	GlobalSection(SolutionConfigurationPlatforms) = preSolution
		Debug|Any CPU = Debug|Any CPU
		Release|Any CPU = Release|Any CPU
	EndGlobalSection
	GlobalSection(ProjectConfigurationPlatforms) = postSolution
		{3EE38D53-F6D7-4BEF-AB87-88999F44A2DB}.Debug|Any CPU.ActiveCfg = Debug|Any CPU
		{3EE38D53-F6D7-4BEF-AB87-88999F44A2DB}.Debug|Any CPU.Build.0 = Debug|Any CPU
		{3EE38D53-F6D7-4BEF-AB87-88999F44A2DB}.Release|Any CPU.ActiveCfg = Release|Any CPU
		{3EE38D53-F6D7-4BEF-AB87-88999F44A2DB}.Release|Any CPU.Build.0 = Release|Any CPU
	EndGlobalSection
	GlobalSection(SolutionProperties) = preSolution
		HideSolutionNode = FALSE
	EndGlobalSection
	GlobalSection(ExtensibilityGlobals) = postSolution
		SolutionGuid = {884604A1-8435-496C-A2F8-D2E51BF164B0}
	EndGlobalSection
EndGlobal
